
Microsoft Visual Studio Solution File, Format Version 12.00
# Visual Studio Version 17
VisualStudioVersion = 17.6.33815.320
MinimumVisualStudioVersion = 10.0.40219.1
Project("{9A19103F-16F7-4668-BE54-9A1E7A4F7556}") = "CanConverter", "CanConverter\CanConverter.csproj", "{180B468E-A324-4346-B13B-0B2879DB81FD}"
EndProject
Global
	GlobalSection(SolutionConfigurationPlatforms) = preSolution
		Debug|Any CPU = Debug|Any CPU
		Release|Any CPU = Release|Any CPU
	EndGlobalSection
	GlobalSection(ProjectConfigurationPlatforms) = postSolution
		{180B468E-A324-4346-B13B-0B2879DB81FD}.Debug|Any CPU.ActiveCfg = Debug|Any CPU
		{180B468E-A324-4346-B13B-0B2879DB81FD}.Debug|Any CPU.Build.0 = Debug|Any CPU
		{180B468E-A324-4346-B13B-0B2879DB81FD}.Release|Any CPU.ActiveCfg = Release|Any CPU
		{180B468E-A324-4346-B13B-0B2879DB81FD}.Release|Any CPU.Build.0 = Release|Any CPU
	EndGlobalSection
	GlobalSection(SolutionProperties) = preSolution
		HideSolutionNode = FALSE
	EndGlobalSection
	GlobalSection(ExtensibilityGlobals) = postSolution
		SolutionGuid = {8B3873E9-3315-4638-981D-4B0B47CD26E2}
	EndGlobalSection
EndGlobal
